
Microsoft Visual Studio Solution File, Format Version 12.00
# Visual Studio Version 17
VisualStudioVersion = 17.1.32414.318
MinimumVisualStudioVersion = 10.0.40219.1
Project("{FAE04EC0-301F-11D3-BF4B-00C04F79EFBC}") = "back", "back.csproj", "{B8A1DFDA-613A-4F69-B81B-F47157C18D00}"
EndProject
Global
	GlobalSection(SolutionConfigurationPlatforms) = preSolution
		Debug|Any CPU = Debug|Any CPU
		Release|Any CPU = Release|Any CPU
	EndGlobalSection
	GlobalSection(ProjectConfigurationPlatforms) = postSolution
		{B8A1DFDA-613A-4F69-B81B-F47157C18D00}.Debug|Any CPU.ActiveCfg = Debug|Any CPU
		{B8A1DFDA-613A-4F69-B81B-F47157C18D00}.Debug|Any CPU.Build.0 = Debug|Any CPU
		{B8A1DFDA-613A-4F69-B81B-F47157C18D00}.Release|Any CPU.ActiveCfg = Release|Any CPU
		{B8A1DFDA-613A-4F69-B81B-F47157C18D00}.Release|Any CPU.Build.0 = Release|Any CPU
	EndGlobalSection
	GlobalSection(SolutionProperties) = preSolution
		HideSolutionNode = FALSE
	EndGlobalSection
	GlobalSection(ExtensibilityGlobals) = postSolution
		SolutionGuid = {CA54F23F-9A5F-4B15-B76D-6BF4163D3BD7}
	EndGlobalSection
EndGlobal
